// !$*UTF8*$!
{
	archiveVersion = 1;
	classes = {
	};
	objectVersion = 46;
	objects = {

/* Begin PBXBuildFile section */
		57A514FC1D8C4E79001538BB /* AppDelegate.swift in Sources */ = {isa = PBXBuildFile; fileRef = 57A514FB1D8C4E79001538BB /* AppDelegate.swift */; };
		57A514FE1D8C4E79001538BB /* ViewController.swift in Sources */ = {isa = PBXBuildFile; fileRef = 57A514FD1D8C4E79001538BB /* ViewController.swift */; };
		57A515011D8C4E79001538BB /* Main.storyboard in Resources */ = {isa = PBXBuildFile; fileRef = 57A514FF1D8C4E79001538BB /* Main.storyboard */; };
		57A515031D8C4E79001538BB /* Assets.xcassets in Resources */ = {isa = PBXBuildFile; fileRef = 57A515021D8C4E79001538BB /* Assets.xcassets */; };
		57A515061D8C4E79001538BB /* LaunchScreen.storyboard in Resources */ = {isa = PBXBuildFile; fileRef = 57A515041D8C4E79001538BB /* LaunchScreen.storyboard */; };
		57A5150E1D8C4EFE001538BB /* CustomHeaderView.swift in Sources */ = {isa = PBXBuildFile; fileRef = 57A5150D1D8C4EFE001538BB /* CustomHeaderView.swift */; };
/* End PBXBuildFile section */

/* Begin PBXFileReference section */
		57A514F81D8C4E78001538BB /* StickyHeader.app */ = {isa = PBXFileReference; explicitFileType = wrapper.application; includeInIndex = 0; path = StickyHeader.app; sourceTree = BUILT_PRODUCTS_DIR; };
		57A514FB1D8C4E79001538BB /* AppDelegate.swift */ = {isa = PBXFileReference; lastKnownFileType = sourcecode.swift; path = AppDelegate.swift; sourceTree = "<group>"; };
		57A514FD1D8C4E79001538BB /* ViewController.swift */ = {isa = PBXFileReference; lastKnownFileType = sourcecode.swift; path = ViewController.swift; sourceTree = "<group>"; };
		57A515001D8C4E79001538BB /* Base */ = {isa = PBXFileReference; lastKnownFileType = file.storyboard; name = Base; path = Base.lproj/Main.storyboard; sourceTree = "<group>"; };
		57A515021D8C4E79001538BB /* Assets.xcassets */ = {isa = PBXFileReference; lastKnownFileType = folder.assetcatalog; path = Assets.xcassets; sourceTree = "<group>"; };
		57A515051D8C4E79001538BB /* Base */ = {isa = PBXFileReference; lastKnownFileType = file.storyboard; name = Base; path = Base.lproj/LaunchScreen.storyboard; sourceTree = "<group>"; };
		57A515071D8C4E79001538BB /* Info.plist */ = {isa = PBXFileReference; lastKnownFileType = text.plist.xml; path = Info.plist; sourceTree = "<group>"; };
		57A5150D1D8C4EFE001538BB /* CustomHeaderView.swift */ = {isa = PBXFileReference; fileEncoding = 4; lastKnownFileType = sourcecode.swift; path = CustomHeaderView.swift; sourceTree = "<group>"; };
/* End PBXFileReference section */

/* Begin PBXFrameworksBuildPhase section */
		57A514F51D8C4E78001538BB /* Frameworks */ = {
			isa = PBXFrameworksBuildPhase;
			buildActionMask = 2147483647;
			files = (
			);
			runOnlyForDeploymentPostprocessing = 0;
		};
/* End PBXFrameworksBuildPhase section */

/* Begin PBXGroup section */
		57A514EF1D8C4E78001538BB = {
			isa = PBXGroup;
			children = (
				57A514FA1D8C4E79001538BB /* StickyHeader */,
				57A514F91D8C4E78001538BB /* Products */,
			);
			sourceTree = "<group>";
		};
		57A514F91D8C4E78001538BB /* Products */ = {
			isa = PBXGroup;
			children = (
				57A514F81D8C4E78001538BB /* StickyHeader.app */,
			);
			name = Products;
			sourceTree = "<group>";
		};
		57A514FA1D8C4E79001538BB /* StickyHeader */ = {
			isa = PBXGroup;
			children = (
				57A514FB1D8C4E79001538BB /* AppDelegate.swift */,
				57A514FD1D8C4E79001538BB /* ViewController.swift */,
				57A5150D1D8C4EFE001538BB /* CustomHeaderView.swift */,
				57A514FF1D8C4E79001538BB /* Main.storyboard */,
				57A515021D8C4E79001538BB /* Assets.xcassets */,
				57A515041D8C4E79001538BB /* LaunchScreen.storyboard */,
				57A515071D8C4E79001538BB /* Info.plist */,
			);
			path = StickyHeader;
			sourceTree = "<group>";
		};
/* End PBXGroup section */

/* Begin PBXNativeTarget section */
		57A514F71D8C4E78001538BB /* StickyHeader */ = {
			isa = PBXNativeTarget;
			buildConfigurationList = 57A5150A1D8C4E79001538BB /* Build configuration list for PBXNativeTarget "StickyHeader" */;
			buildPhases = (
				57A514F41D8C4E78001538BB /* Sources */,
				57A514F51D8C4E78001538BB /* Frameworks */,
				57A514F61D8C4E78001538BB /* Resources */,
			);
			buildRules = (
			);
			dependencies = (
			);
			name = StickyHeader;
			productName = StickyHeader;
			productReference = 57A514F81D8C4E78001538BB /* StickyHeader.app */;
			productType = "com.apple.product-type.application";
		};
/* End PBXNativeTarget section */

/* Begin PBXProject section */
		57A514F01D8C4E78001538BB /* Project object */ = {
			isa = PBXProject;
			attributes = {
				LastSwiftUpdateCheck = 0730;
				LastUpgradeCheck = 0730;
				ORGANIZATIONNAME = io.repped;
				TargetAttributes = {
					57A514F71D8C4E78001538BB = {
						CreatedOnToolsVersion = 7.3.1;
					};
				};
			};
			buildConfigurationList = 57A514F31D8C4E78001538BB /* Build configuration list for PBXProject "StickyHeader" */;
			compatibilityVersion = "Xcode 3.2";
			developmentRegion = English;
			hasScannedForEncodings = 0;
			knownRegions = (
				en,
				Base,
			);
			mainGroup = 57A514EF1D8C4E78001538BB;
			productRefGroup = 57A514F91D8C4E78001538BB /* Products */;
			projectDirPath = "";
			projectRoot = "";
			targets = (
				57A514F71D8C4E78001538BB /* StickyHeader */,
			);
		};
/* End PBXProject section */

/* Begin PBXResourcesBuildPhase section */
		57A514F61D8C4E78001538BB /* Resources */ = {
			isa = PBXResourcesBuildPhase;
			buildActionMask = 2147483647;
			files = (
				57A515061D8C4E79001538BB /* LaunchScreen.storyboard in Resources */,
				57A515031D8C4E79001538BB /* Assets.xcassets in Resources */,
				57A515011D8C4E79001538BB /* Main.storyboard in Resources */,
			);
			runOnlyForDeploymentPostprocessing = 0;
		};
/* End PBXResourcesBuildPhase section */

/* Begin PBXSourcesBuildPhase section */
		57A514F41D8C4E78001538BB /* Sources */ = {
			isa = PBXSourcesBuildPhase;
			buildActionMask = 2147483647;
			files = (
				57A514FE1D8C4E79001538BB /* ViewController.swift in Sources */,
				57A5150E1D8C4EFE001538BB /* CustomHeaderView.swift in Sources */,
				57A514FC1D8C4E79001538BB /* AppDelegate.swift in Sources */,
			);
			runOnlyForDeploymentPostprocessing = 0;
		};
/* End PBXSourcesBuildPhase section */

/* Begin PBXVariantGroup section */
		57A514FF1D8C4E79001538BB /* Main.storyboard */ = {
			isa = PBXVariantGroup;
			children = (
				57A515001D8C4E79001538BB /* Base */,
			);
			name = Main.storyboard;
			sourceTree = "<group>";
		};
		57A515041D8C4E79001538BB /* LaunchScreen.storyboard */ = {
			isa = PBXVariantGroup;
			children = (
				57A515051D8C4E79001538BB /* Base */,
			);
			name = LaunchScreen.storyboard;
			sourceTree = "<group>";
		};
/* End PBXVariantGroup section */

/* Begin XCBuildConfiguration section */
		57A515081D8C4E79001538BB /* Debug */ = {
			isa = XCBuildConfiguration;
			buildSettings = {
				ALWAYS_SEARCH_USER_PATHS = NO;
				CLANG_ANALYZER_NONNULL = YES;
				CLANG_CXX_LANGUAGE_STANDARD = "gnu++0x";
				CLANG_CXX_LIBRARY = "libc++";
				CLANG_ENABLE_MODULES = YES;
				CLANG_ENABLE_OBJC_ARC = YES;
				CLANG_WARN_BOOL_CONVERSION = YES;
				CLANG_WARN_CONSTANT_CONVERSION = YES;
				CLANG_WARN_DIRECT_OBJC_ISA_USAGE = YES_ERROR;
				CLANG_WARN_EMPTY_BODY = YES;
				CLANG_WARN_ENUM_CONVERSION = YES;
				CLANG_WARN_INT_CONVERSION = YES;
				CLANG_WARN_OBJC_ROOT_CLASS = YES_ERROR;
				CLANG_WARN_UNREACHABLE_CODE = YES;
				CLANG_WARN__DUPLICATE_METHOD_MATCH = YES;
				"CODE_SIGN_IDENTITY[sdk=iphoneos*]" = "iPhone Developer";
				COPY_PHASE_STRIP = NO;
				DEBUG_INFORMATION_FORMAT = dwarf;
				ENABLE_STRICT_OBJC_MSGSEND = YES;
				ENABLE_TESTABILITY = YES;
				GCC_C_LANGUAGE_STANDARD = gnu99;
				GCC_DYNAMIC_NO_PIC = NO;
				GCC_NO_COMMON_BLOCKS = YES;
				GCC_OPTIMIZATION_LEVEL = 0;
				GCC_PREPROCESSOR_DEFINITIONS = (
					"DEBUG=1",
					"$(inherited)",
				);
				GCC_WARN_64_TO_32_BIT_CONVERSION = YES;
				GCC_WARN_ABOUT_RETURN_TYPE = YES_ERROR;
				GCC_WARN_UNDECLARED_SELECTOR = YES;
				GCC_WARN_UNINITIALIZED_AUTOS = YES_AGGRESSIVE;
				GCC_WARN_UNUSED_FUNCTION = YES;
				GCC_WARN_UNUSED_VARIABLE = YES;
				IPHONEOS_DEPLOYMENT_TARGET = 9.3;
				MTL_ENABLE_DEBUG_INFO = YES;
				ONLY_ACTIVE_ARCH = YES;
				SDKROOT = iphoneos;
				SWIFT_OPTIMIZATION_LEVEL = "-Onone";
			};
			name = Debug;
		};
		57A515091D8C4E79001538BB /* Release */ = {
			isa = XCBuildConfiguration;
			buildSettings = {
				ALWAYS_SEARCH_USER_PATHS = NO;
				CLANG_ANALYZER_NONNULL = YES;
				CLANG_CXX_LANGUAGE_STANDARD = "gnu++0x";
				CLANG_CXX_LIBRARY = "libc++";
				CLANG_ENABLE_MODULES = YES;
				CLANG_ENABLE_OBJC_ARC = YES;
				CLANG_WARN_BOOL_CONVERSION = YES;
				CLANG_WARN_CONSTANT_CONVERSION = YES;
				CLANG_WARN_DIRECT_OBJC_ISA_USAGE = YES_ERROR;
				CLANG_WARN_EMPTY_BODY = YES;
				CLANG_WARN_ENUM_CONVERSION = YES;
				CLANG_WARN_INT_CONVERSION = YES;
				CLANG_WARN_OBJC_ROOT_CLASS = YES_ERROR;
				CLANG_WARN_UNREACHABLE_CODE = YES;
				CLANG_WARN__DUPLICATE_METHOD_MATCH = YES;
				"CODE_SIGN_IDENTITY[sdk=iphoneos*]" = "iPhone Developer";
				COPY_PHASE_STRIP = NO;
				DEBUG_INFORMATION_FORMAT = "dwarf-with-dsym";
				ENABLE_NS_ASSERTIONS = NO;
				ENABLE_STRICT_OBJC_MSGSEND = YES;
				GCC_C_LANGUAGE_STANDARD = gnu99;
				GCC_NO_COMMON_BLOCKS = YES;
				GCC_WARN_64_TO_32_BIT_CONVERSION = YES;
				GCC_WARN_ABOUT_RETURN_TYPE = YES_ERROR;
				GCC_WARN_UNDECLARED_SELECTOR = YES;
				GCC_WARN_UNINITIALIZED_AUTOS = YES_AGGRESSIVE;
				GCC_WARN_UNUSED_FUNCTION = YES;
				GCC_WARN_UNUSED_VARIABLE = YES;
				IPHONEOS_DEPLOYMENT_TARGET = 9.3;
				MTL_ENABLE_DEBUG_INFO = NO;
				SDKROOT = iphoneos;
				VALIDATE_PRODUCT = YES;
			};
			name = Release;
		};
		57A5150B1D8C4E79001538BB /* Debug */ = {
			isa = XCBuildConfiguration;
			buildSettings = {
				ASSETCATALOG_COMPILER_APPICON_NAME = AppIcon;
				INFOPLIST_FILE = StickyHeader/Info.plist;
				LD_RUNPATH_SEARCH_PATHS = "$(inherited) @executable_path/Frameworks";
				PRODUCT_BUNDLE_IDENTIFIER = io.repped.StickyHeader;
				PRODUCT_NAME = "$(TARGET_NAME)";
			};
			name = Debug;
		};
		57A5150C1D8C4E79001538BB /* Release */ = {
			isa = XCBuildConfiguration;
			buildSettings = {
				ASSETCATALOG_COMPILER_APPICON_NAME = AppIcon;
				INFOPLIST_FILE = StickyHeader/Info.plist;
				LD_RUNPATH_SEARCH_PATHS = "$(inherited) @executable_path/Frameworks";
				PRODUCT_BUNDLE_IDENTIFIER = io.repped.StickyHeader;
				PRODUCT_NAME = "$(TARGET_NAME)";
			};
			name = Release;
		};
/* End XCBuildConfiguration section */

/* Begin XCConfigurationList section */
		57A514F31D8C4E78001538BB /* Build configuration list for PBXProject "StickyHeader" */ = {
			isa = XCConfigurationList;
			buildConfigurations = (
				57A515081D8C4E79001538BB /* Debug */,
				57A515091D8C4E79001538BB /* Release */,
			);
			defaultConfigurationIsVisible = 0;
			defaultConfigurationName = Release;
		};
		57A5150A1D8C4E79001538BB /* Build configuration list for PBXNativeTarget "StickyHeader" */ = {
			isa = XCConfigurationList;
			buildConfigurations = (
				57A5150B1D8C4E79001538BB /* Debug */,
				57A5150C1D8C4E79001538BB /* Release */,
			);
			defaultConfigurationIsVisible = 0;
		};
/* End XCConfigurationList section */
	};
	rootObject = 57A514F01D8C4E78001538BB /* Project object */;
}
